
Microsoft Visual Studio Solution File, Format Version 12.00
# Visual Studio Version 17
VisualStudioVersion = 17.14.36811.4 d17.14
MinimumVisualStudioVersion = 10.0.40219.1
Project("{FAE04EC0-301F-11D3-BF4B-00C04F79EFBC}") = "Project", "Project.csproj", "{0EC1AD2F-7BBD-4F26-91AE-25B1C6A1EC90}"
EndProject
Global
	GlobalSection(SolutionConfigurationPlatforms) = preSolution
		Debug|Any CPU = Debug|Any CPU
		Release|Any CPU = Release|Any CPU
	EndGlobalSection
	GlobalSection(ProjectConfigurationPlatforms) = postSolution
		{0EC1AD2F-7BBD-4F26-91AE-25B1C6A1EC90}.Debug|Any CPU.ActiveCfg = Debug|Any CPU
		{0EC1AD2F-7BBD-4F26-91AE-25B1C6A1EC90}.Debug|Any CPU.Build.0 = Debug|Any CPU
		{0EC1AD2F-7BBD-4F26-91AE-25B1C6A1EC90}.Release|Any CPU.ActiveCfg = Release|Any CPU
		{0EC1AD2F-7BBD-4F26-91AE-25B1C6A1EC90}.Release|Any CPU.Build.0 = Release|Any CPU
	EndGlobalSection
	GlobalSection(SolutionProperties) = preSolution
		HideSolutionNode = FALSE
	EndGlobalSection
	GlobalSection(ExtensibilityGlobals) = postSolution
		SolutionGuid = {8715BAEF-DDFB-4FDB-BCB8-E53398885EE6}
	EndGlobalSection
EndGlobal
